github.com/davecgh/go-spew v1.1.1 h1:vj9j/u1bqnvCEfJOwUhtlOARqs3+rkHYY13jYWTU97c=
github.com/davecgh/go-spew v1.1.1/go.mod h1:J7Y8YcW2NihsgmVo/mv3lAwl/skON4iLHjSsI+c5H38=
github.com/gorpc-experiments/GalaxyClient v1.0.2 h1:xdeRWd6gS4DsOvmR0QHm186GdVqt7nnDrsLCcghLTXY=
github.com/gorpc-experiments/GalaxyClient v1.0.2/go.mod h1:CYIFoKGdWK3fJl4Pax0NtnpFGjW3n99LNegU2xohrEQ=
